
Microsoft Visual Studio Solution File, Format Version 10.00
# Visual Studio 2008
Project("{FAE04EC0-301F-11D3-BF4B-00C04F79EFBC}") = "SDK_RFID-Sample", "SDK_RFID-Sample\SDK_RFID-Sample.csproj", "{FD133BF4-D7BF-4C32-8741-95417A95CD72}"
EndProject
Global
	GlobalSection(SubversionScc) = preSolution
		Svn-Managed = True
		Manager = AnkhSVN - Subversion Support for Visual Studio
	EndGlobalSection
	GlobalSection(SolutionConfigurationPlatforms) = preSolution
		Debug|Any CPU = Debug|Any CPU
		Release|Any CPU = Release|Any CPU
	EndGlobalSection
	GlobalSection(ProjectConfigurationPlatforms) = postSolution
		{FD133BF4-D7BF-4C32-8741-95417A95CD72}.Debug|Any CPU.ActiveCfg = Debug|Any CPU
		{FD133BF4-D7BF-4C32-8741-95417A95CD72}.Debug|Any CPU.Build.0 = Debug|Any CPU
		{FD133BF4-D7BF-4C32-8741-95417A95CD72}.Release|Any CPU.ActiveCfg = Release|Any CPU
		{FD133BF4-D7BF-4C32-8741-95417A95CD72}.Release|Any CPU.Build.0 = Release|Any CPU
	EndGlobalSection
	GlobalSection(SolutionProperties) = preSolution
		HideSolutionNode = FALSE
	EndGlobalSection
	GlobalSection(ExtensibilityGlobals) = postSolution
		BuildVersion_UseGlobalSettings = True
	EndGlobalSection
EndGlobal
